
Microsoft Visual Studio Solution File, Format Version 12.00
# Visual Studio 2013
VisualStudioVersion = 12.0.31101.0
MinimumVisualStudioVersion = 10.0.40219.1
Project("{FAE04EC0-301F-11D3-BF4B-00C04F79EFBC}") = "ImageProcessingTest01", "ImageProcessingTest01\ImageProcessingTest01.csproj", "{EA504BCD-307B-4474-B8B1-DB4F15E3797E}"
EndProject
Global
	GlobalSection(SolutionConfigurationPlatforms) = preSolution
		Debug|Any CPU = Debug|Any CPU
		Release|Any CPU = Release|Any CPU
	EndGlobalSection
	GlobalSection(ProjectConfigurationPlatforms) = postSolution
		{EA504BCD-307B-4474-B8B1-DB4F15E3797E}.Debug|Any CPU.ActiveCfg = Debug|Any CPU
		{EA504BCD-307B-4474-B8B1-DB4F15E3797E}.Debug|Any CPU.Build.0 = Debug|Any CPU
		{EA504BCD-307B-4474-B8B1-DB4F15E3797E}.Release|Any CPU.ActiveCfg = Release|Any CPU
		{EA504BCD-307B-4474-B8B1-DB4F15E3797E}.Release|Any CPU.Build.0 = Release|Any CPU
	EndGlobalSection
	GlobalSection(SolutionProperties) = preSolution
		HideSolutionNode = FALSE
	EndGlobalSection
EndGlobal
